
Microsoft Visual Studio Solution File, Format Version 12.00
# Visual Studio Version 17
VisualStudioVersion = 17.11.35327.3
MinimumVisualStudioVersion = 10.0.40219.1
Project("{FAE04EC0-301F-11D3-BF4B-00C04F79EFBC}") = "Task1", "Task1\Task1.csproj", "{59B394DC-6ACA-4B3E-82B6-2B1FBB552B1E}"
EndProject
Global
	GlobalSection(SolutionConfigurationPlatforms) = preSolution
		Debug|Any CPU = Debug|Any CPU
		Release|Any CPU = Release|Any CPU
	EndGlobalSection
	GlobalSection(ProjectConfigurationPlatforms) = postSolution
		{59B394DC-6ACA-4B3E-82B6-2B1FBB552B1E}.Debug|Any CPU.ActiveCfg = Debug|Any CPU
		{59B394DC-6ACA-4B3E-82B6-2B1FBB552B1E}.Debug|Any CPU.Build.0 = Debug|Any CPU
		{59B394DC-6ACA-4B3E-82B6-2B1FBB552B1E}.Release|Any CPU.ActiveCfg = Release|Any CPU
		{59B394DC-6ACA-4B3E-82B6-2B1FBB552B1E}.Release|Any CPU.Build.0 = Release|Any CPU
	EndGlobalSection
	GlobalSection(SolutionProperties) = preSolution
		HideSolutionNode = FALSE
	EndGlobalSection
	GlobalSection(ExtensibilityGlobals) = postSolution
		SolutionGuid = {4593B90E-9705-4F8D-ACE2-0315344F639A}
	EndGlobalSection
EndGlobal
